{
  "version": 4,
  "terraform_version": "1.5.7",
  "serial": 25,
  "lineage": "69c89243-1ad2-8edb-559e-329d1c56ffc2",
  "outputs": {},
  "resources": [
    {
      "mode": "managed",
      "type": "docker_image",
      "name": "nginx",
      "provider": "provider[\"registry.terraform.io/kreuzwerker/docker\"]",
      "instances": [
        {
          "schema_version": 0,
          "attributes": {
            "build": [],
            "force_remove": null,
            "id": "sha256:760b7cbba31e196288effd2af6924c42637ac5e0d67db4de6309f24518844676nginx",
            "image_id": "sha256:760b7cbba31e196288effd2af6924c42637ac5e0d67db4de6309f24518844676",
            "keep_locally": false,
            "name": "nginx",
            "platform": null,
            "pull_triggers": null,
            "repo_digest": "nginx@sha256:c26ae7472d624ba1fafd296e73cecc4f93f853088e6a9c13c0d52f6ca5865107",
            "triggers": null
          },
          "sensitive_attributes": [],
          "private": "bnVsbA=="
        }
      ]
    }
  ],
  "check_results": null
}